// !$*UTF8*$!
{
	archiveVersion = 1;
	classes = {
	};
	objectVersion = 46;
	objects = {

/* Begin PBXBuildFile section */
		21472E7B1DFC38A100DB8F76 /* WYWCategoryVC.m in Sources */ = {isa = PBXBuildFile; fileRef = 21472E7A1DFC38A100DB8F76 /* WYWCategoryVC.m */; };
		21472E7F1DFC38F100DB8F76 /* WYWPopoverView.xib in Resources */ = {isa = PBXBuildFile; fileRef = 21472E7E1DFC38F100DB8F76 /* WYWPopoverView.xib */; };
		21472E821DFC3AF600DB8F76 /* WYWPopoverView.m in Sources */ = {isa = PBXBuildFile; fileRef = 21472E811DFC3AF600DB8F76 /* WYWPopoverView.m */; };
		21472E851DFC5B9800DB8F76 /* WYWCategoryModel.m in Sources */ = {isa = PBXBuildFile; fileRef = 21472E841DFC5B9800DB8F76 /* WYWCategoryModel.m */; };
		21750CAE1DFEE46400B0391D /* WYWDistrictVC.m in Sources */ = {isa = PBXBuildFile; fileRef = 21750CAD1DFEE46400B0391D /* WYWDistrictVC.m */; };
		21750CB01DFEE47D00B0391D /* View.xib in Resources */ = {isa = PBXBuildFile; fileRef = 21750CAF1DFEE47D00B0391D /* View.xib */; };
		218F68441DFA454D00A0E88D /* main.m in Sources */ = {isa = PBXBuildFile; fileRef = 218F68431DFA454D00A0E88D /* main.m */; };
		218F68471DFA454D00A0E88D /* AppDelegate.m in Sources */ = {isa = PBXBuildFile; fileRef = 218F68461DFA454D00A0E88D /* AppDelegate.m */; };
		218F686A1DFA566400A0E88D /* categories.plist in Resources */ = {isa = PBXBuildFile; fileRef = 218F68661DFA566400A0E88D /* categories.plist */; };
		218F686B1DFA566400A0E88D /* cities.plist in Resources */ = {isa = PBXBuildFile; fileRef = 218F68671DFA566400A0E88D /* cities.plist */; };
		218F686C1DFA566400A0E88D /* cityGroups.plist in Resources */ = {isa = PBXBuildFile; fileRef = 218F68681DFA566400A0E88D /* cityGroups.plist */; };
		218F686D1DFA566400A0E88D /* sorts.plist in Resources */ = {isa = PBXBuildFile; fileRef = 218F68691DFA566400A0E88D /* sorts.plist */; };
		218F68791DFA76DB00A0E88D /* WYWHomeCVC.m in Sources */ = {isa = PBXBuildFile; fileRef = 218F68721DFA76DB00A0E88D /* WYWHomeCVC.m */; };
		218F687C1DFA776300A0E88D /* WYWNavC.m in Sources */ = {isa = PBXBuildFile; fileRef = 218F687B1DFA776300A0E88D /* WYWNavC.m */; };
		218F68831DFA7A7900A0E88D /* NSString+HMCategory.m in Sources */ = {isa = PBXBuildFile; fileRef = 218F687E1DFA7A7900A0E88D /* NSString+HMCategory.m */; };
		218F68841DFA7A7900A0E88D /* UIBarButtonItem+HMCategory.m in Sources */ = {isa = PBXBuildFile; fileRef = 218F68801DFA7A7900A0E88D /* UIBarButtonItem+HMCategory.m */; };
		218F68851DFA7A7900A0E88D /* UIView+HMCategory.m in Sources */ = {isa = PBXBuildFile; fileRef = 218F68821DFA7A7900A0E88D /* UIView+HMCategory.m */; };
		218F688B1DFAE4E500A0E88D /* WYWHomeView.xib in Resources */ = {isa = PBXBuildFile; fileRef = 218F688A1DFAE4E500A0E88D /* WYWHomeView.xib */; };
		21B6600C1DFFEFDB00216E58 /* WYWDistrictModel.m in Sources */ = {isa = PBXBuildFile; fileRef = 21B6600B1DFFEFDB00216E58 /* WYWDistrictModel.m */; };
		21B6600F1DFFF7E400216E58 /* WYWCityModel.m in Sources */ = {isa = PBXBuildFile; fileRef = 21B6600E1DFFF7E400216E58 /* WYWCityModel.m */; };
		21CF952E1DFAF23E001FEC6D /* Assets.xcassets in Resources */ = {isa = PBXBuildFile; fileRef = 21CF952D1DFAF23E001FEC6D /* Assets.xcassets */; };
		21CF95311DFAFB15001FEC6D /* WYWHomeNavView.m in Sources */ = {isa = PBXBuildFile; fileRef = 21CF95301DFAFB15001FEC6D /* WYWHomeNavView.m */; };
		2B97A7FA8AD9379CFD12CEBE /* libPods-WYWMT.a in Frameworks */ = {isa = PBXBuildFile; fileRef = 2DE22C15DF19C8495B6A3700 /* libPods-WYWMT.a */; };
/* End PBXBuildFile section */

/* Begin PBXFileReference section */
		11565A3B5192589CD46841EB /* Pods-WYWMT.release.xcconfig */ = {isa = PBXFileReference; includeInIndex = 1; lastKnownFileType = text.xcconfig; name = "Pods-WYWMT.release.xcconfig"; path = "Pods/Target Support Files/Pods-WYWMT/Pods-WYWMT.release.xcconfig"; sourceTree = "<group>"; };
		21472E791DFC38A100DB8F76 /* WYWCategoryVC.h */ = {isa = PBXFileReference; fileEncoding = 4; lastKnownFileType = sourcecode.c.h; path = WYWCategoryVC.h; sourceTree = "<group>"; };
		21472E7A1DFC38A100DB8F76 /* WYWCategoryVC.m */ = {isa = PBXFileReference; fileEncoding = 4; lastKnownFileType = sourcecode.c.objc; path = WYWCategoryVC.m; sourceTree = "<group>"; };
		21472E7E1DFC38F100DB8F76 /* WYWPopoverView.xib */ = {isa = PBXFileReference; fileEncoding = 4; lastKnownFileType = file.xib; path = WYWPopoverView.xib; sourceTree = "<group>"; };
		21472E801DFC3AF600DB8F76 /* WYWPopoverView.h */ = {isa = PBXFileReference; fileEncoding = 4; lastKnownFileType = sourcecode.c.h; path = WYWPopoverView.h; sourceTree = "<group>"; };
		21472E811DFC3AF600DB8F76 /* WYWPopoverView.m */ = {isa = PBXFileReference; fileEncoding = 4; lastKnownFileType = sourcecode.c.objc; path = WYWPopoverView.m; sourceTree = "<group>"; };
		21472E831DFC5B9800DB8F76 /* WYWCategoryModel.h */ = {isa = PBXFileReference; fileEncoding = 4; lastKnownFileType = sourcecode.c.h; path = WYWCategoryModel.h; sourceTree = "<group>"; };
		21472E841DFC5B9800DB8F76 /* WYWCategoryModel.m */ = {isa = PBXFileReference; fileEncoding = 4; lastKnownFileType = sourcecode.c.objc; path = WYWCategoryModel.m; sourceTree = "<group>"; };
		21750CAC1DFEE46400B0391D /* WYWDistrictVC.h */ = {isa = PBXFileReference; fileEncoding = 4; lastKnownFileType = sourcecode.c.h; path = WYWDistrictVC.h; sourceTree = "<group>"; };
		21750CAD1DFEE46400B0391D /* WYWDistrictVC.m */ = {isa = PBXFileReference; fileEncoding = 4; lastKnownFileType = sourcecode.c.objc; path = WYWDistrictVC.m; sourceTree = "<group>"; };
		21750CAF1DFEE47D00B0391D /* View.xib */ = {isa = PBXFileReference; fileEncoding = 4; lastKnownFileType = file.xib; path = View.xib; sourceTree = "<group>"; };
		218F683F1DFA454C00A0E88D /* WYWMT.app */ = {isa = PBXFileReference; explicitFileType = wrapper.application; includeInIndex = 0; path = WYWMT.app; sourceTree = BUILT_PRODUCTS_DIR; };
		218F68431DFA454D00A0E88D /* main.m */ = {isa = PBXFileReference; lastKnownFileType = sourcecode.c.objc; path = main.m; sourceTree = "<group>"; };
		218F68451DFA454D00A0E88D /* AppDelegate.h */ = {isa = PBXFileReference; lastKnownFileType = sourcecode.c.h; path = AppDelegate.h; sourceTree = "<group>"; };
		218F68461DFA454D00A0E88D /* AppDelegate.m */ = {isa = PBXFileReference; lastKnownFileType = sourcecode.c.objc; path = AppDelegate.m; sourceTree = "<group>"; };
		218F68531DFA454D00A0E88D /* Info.plist */ = {isa = PBXFileReference; lastKnownFileType = text.plist.xml; path = Info.plist; sourceTree = "<group>"; };
		218F68641DFA485A00A0E88D /* PrefixHeader.pch */ = {isa = PBXFileReference; lastKnownFileType = sourcecode.c.h; path = PrefixHeader.pch; sourceTree = "<group>"; };
		218F68661DFA566400A0E88D /* categories.plist */ = {isa = PBXFileReference; fileEncoding = 4; lastKnownFileType = text.plist.xml; path = categories.plist; sourceTree = "<group>"; };
		218F68671DFA566400A0E88D /* cities.plist */ = {isa = PBXFileReference; fileEncoding = 4; lastKnownFileType = text.plist.xml; path = cities.plist; sourceTree = "<group>"; };
		218F68681DFA566400A0E88D /* cityGroups.plist */ = {isa = PBXFileReference; fileEncoding = 4; lastKnownFileType = text.plist.xml; path = cityGroups.plist; sourceTree = "<group>"; };
		218F68691DFA566400A0E88D /* sorts.plist */ = {isa = PBXFileReference; fileEncoding = 4; lastKnownFileType = text.plist.xml; path = sorts.plist; sourceTree = "<group>"; };
		218F68711DFA76DB00A0E88D /* WYWHomeCVC.h */ = {isa = PBXFileReference; fileEncoding = 4; lastKnownFileType = sourcecode.c.h; path = WYWHomeCVC.h; sourceTree = "<group>"; };
		218F68721DFA76DB00A0E88D /* WYWHomeCVC.m */ = {isa = PBXFileReference; fileEncoding = 4; lastKnownFileType = sourcecode.c.objc; path = WYWHomeCVC.m; sourceTree = "<group>"; };
		218F687A1DFA776300A0E88D /* WYWNavC.h */ = {isa = PBXFileReference; fileEncoding = 4; lastKnownFileType = sourcecode.c.h; path = WYWNavC.h; sourceTree = "<group>"; };
		218F687B1DFA776300A0E88D /* WYWNavC.m */ = {isa = PBXFileReference; fileEncoding = 4; lastKnownFileType = sourcecode.c.objc; path = WYWNavC.m; sourceTree = "<group>"; };
		218F687D1DFA7A7900A0E88D /* NSString+HMCategory.h */ = {isa = PBXFileReference; fileEncoding = 4; lastKnownFileType = sourcecode.c.h; name = "NSString+HMCategory.h"; path = "../NSString+HMCategory.h"; sourceTree = "<group>"; };
		218F687E1DFA7A7900A0E88D /* NSString+HMCategory.m */ = {isa = PBXFileReference; fileEncoding = 4; lastKnownFileType = sourcecode.c.objc; name = "NSString+HMCategory.m"; path = "../NSString+HMCategory.m"; sourceTree = "<group>"; };
		218F687F1DFA7A7900A0E88D /* UIBarButtonItem+HMCategory.h */ = {isa = PBXFileReference; fileEncoding = 4; lastKnownFileType = sourcecode.c.h; name = "UIBarButtonItem+HMCategory.h"; path = "../UIBarButtonItem+HMCategory.h"; sourceTree = "<group>"; };
		218F68801DFA7A7900A0E88D /* UIBarButtonItem+HMCategory.m */ = {isa = PBXFileReference; fileEncoding = 4; lastKnownFileType = sourcecode.c.objc; name = "UIBarButtonItem+HMCategory.m"; path = "../UIBarButtonItem+HMCategory.m"; sourceTree = "<group>"; };
		218F68811DFA7A7900A0E88D /* UIView+HMCategory.h */ = {isa = PBXFileReference; fileEncoding = 4; lastKnownFileType = sourcecode.c.h; name = "UIView+HMCategory.h"; path = "../UIView+HMCategory.h"; sourceTree = "<group>"; };
		218F68821DFA7A7900A0E88D /* UIView+HMCategory.m */ = {isa = PBXFileReference; fileEncoding = 4; lastKnownFileType = sourcecode.c.objc; name = "UIView+HMCategory.m"; path = "../UIView+HMCategory.m"; sourceTree = "<group>"; };
		218F688A1DFAE4E500A0E88D /* WYWHomeView.xib */ = {isa = PBXFileReference; fileEncoding = 4; lastKnownFileType = file.xib; path = WYWHomeView.xib; sourceTree = "<group>"; };
		21B6600A1DFFEFDB00216E58 /* WYWDistrictModel.h */ = {isa = PBXFileReference; fileEncoding = 4; lastKnownFileType = sourcecode.c.h; path = WYWDistrictModel.h; sourceTree = "<group>"; };
		21B6600B1DFFEFDB00216E58 /* WYWDistrictModel.m */ = {isa = PBXFileReference; fileEncoding = 4; lastKnownFileType = sourcecode.c.objc; path = WYWDistrictModel.m; sourceTree = "<group>"; };
		21B6600D1DFFF7E400216E58 /* WYWCityModel.h */ = {isa = PBXFileReference; fileEncoding = 4; lastKnownFileType = sourcecode.c.h; path = WYWCityModel.h; sourceTree = "<group>"; };
		21B6600E1DFFF7E400216E58 /* WYWCityModel.m */ = {isa = PBXFileReference; fileEncoding = 4; lastKnownFileType = sourcecode.c.objc; path = WYWCityModel.m; sourceTree = "<group>"; };
		21CF952D1DFAF23E001FEC6D /* Assets.xcassets */ = {isa = PBXFileReference; lastKnownFileType = folder.assetcatalog; path = Assets.xcassets; sourceTree = "<group>"; };
		21CF952F1DFAFB15001FEC6D /* WYWHomeNavView.h */ = {isa = PBXFileReference; fileEncoding = 4; lastKnownFileType = sourcecode.c.h; path = WYWHomeNavView.h; sourceTree = "<group>"; };
		21CF95301DFAFB15001FEC6D /* WYWHomeNavView.m */ = {isa = PBXFileReference; fileEncoding = 4; lastKnownFileType = sourcecode.c.objc; path = WYWHomeNavView.m; sourceTree = "<group>"; };
		2DE22C15DF19C8495B6A3700 /* libPods-WYWMT.a */ = {isa = PBXFileReference; explicitFileType = archive.ar; includeInIndex = 0; path = "libPods-WYWMT.a"; sourceTree = BUILT_PRODUCTS_DIR; };
		6C48BF739174F9E3BA93E050 /* Pods-WYWMT.debug.xcconfig */ = {isa = PBXFileReference; includeInIndex = 1; lastKnownFileType = text.xcconfig; name = "Pods-WYWMT.debug.xcconfig"; path = "Pods/Target Support Files/Pods-WYWMT/Pods-WYWMT.debug.xcconfig"; sourceTree = "<group>"; };
/* End PBXFileReference section */

/* Begin PBXFrameworksBuildPhase section */
		218F683C1DFA454C00A0E88D /* Frameworks */ = {
			isa = PBXFrameworksBuildPhase;
			buildActionMask = 2147483647;
			files = (
				2B97A7FA8AD9379CFD12CEBE /* libPods-WYWMT.a in Frameworks */,
			);
			runOnlyForDeploymentPostprocessing = 0;
		};
/* End PBXFrameworksBuildPhase section */

/* Begin PBXGroup section */
		06CFCB9471DCBAC4C6208BF9 /* Frameworks */ = {
			isa = PBXGroup;
			children = (
				2DE22C15DF19C8495B6A3700 /* libPods-WYWMT.a */,
			);
			name = Frameworks;
			sourceTree = "<group>";
		};
		21472E741DFC383900DB8F76 /* Category */ = {
			isa = PBXGroup;
			children = (
				21472E7C1DFC38B800DB8F76 /* Model */,
				21472E7D1DFC38B800DB8F76 /* View */,
				21472E781DFC38A100DB8F76 /* Controller */,
			);
			path = Category;
			sourceTree = "<group>";
		};
		21472E781DFC38A100DB8F76 /* Controller */ = {
			isa = PBXGroup;
			children = (
				21472E791DFC38A100DB8F76 /* WYWCategoryVC.h */,
				21472E7A1DFC38A100DB8F76 /* WYWCategoryVC.m */,
			);
			path = Controller;
			sourceTree = "<group>";
		};
		21472E7C1DFC38B800DB8F76 /* Model */ = {
			isa = PBXGroup;
			children = (
				21472E831DFC5B9800DB8F76 /* WYWCategoryModel.h */,
				21472E841DFC5B9800DB8F76 /* WYWCategoryModel.m */,
			);
			path = Model;
			sourceTree = "<group>";
		};
		21472E7D1DFC38B800DB8F76 /* View */ = {
			isa = PBXGroup;
			children = (
				21472E7E1DFC38F100DB8F76 /* WYWPopoverView.xib */,
				21472E801DFC3AF600DB8F76 /* WYWPopoverView.h */,
				21472E811DFC3AF600DB8F76 /* WYWPopoverView.m */,
			);
			path = View;
			sourceTree = "<group>";
		};
		21750CA81DFEE44B00B0391D /* DIstrict */ = {
			isa = PBXGroup;
			children = (
				21750CA91DFEE44B00B0391D /* Controller */,
				21750CAA1DFEE44B00B0391D /* Model */,
				21750CAB1DFEE44B00B0391D /* View */,
			);
			path = DIstrict;
			sourceTree = "<group>";
		};
		21750CA91DFEE44B00B0391D /* Controller */ = {
			isa = PBXGroup;
			children = (
				21750CAC1DFEE46400B0391D /* WYWDistrictVC.h */,
				21750CAD1DFEE46400B0391D /* WYWDistrictVC.m */,
				21750CAF1DFEE47D00B0391D /* View.xib */,
			);
			path = Controller;
			sourceTree = "<group>";
		};
		21750CAA1DFEE44B00B0391D /* Model */ = {
			isa = PBXGroup;
			children = (
				21B6600A1DFFEFDB00216E58 /* WYWDistrictModel.h */,
				21B6600B1DFFEFDB00216E58 /* WYWDistrictModel.m */,
			);
			path = Model;
			sourceTree = "<group>";
		};
		21750CAB1DFEE44B00B0391D /* View */ = {
			isa = PBXGroup;
			children = (
			);
			path = View;
			sourceTree = "<group>";
		};
		218F68361DFA454C00A0E88D = {
			isa = PBXGroup;
			children = (
				218F68411DFA454C00A0E88D /* WYWMT */,
				218F68401DFA454C00A0E88D /* Products */,
				DA02C324D93093BE36D61BD0 /* Pods */,
				06CFCB9471DCBAC4C6208BF9 /* Frameworks */,
			);
			sourceTree = "<group>";
		};
		218F68401DFA454C00A0E88D /* Products */ = {
			isa = PBXGroup;
			children = (
				218F683F1DFA454C00A0E88D /* WYWMT.app */,
			);
			name = Products;
			sourceTree = "<group>";
		};
		218F68411DFA454C00A0E88D /* WYWMT */ = {
			isa = PBXGroup;
			children = (
				218F686E1DFA76DB00A0E88D /* Classes */,
				218F68421DFA454C00A0E88D /* Supporting Files */,
			);
			path = WYWMT;
			sourceTree = "<group>";
		};
		218F68421DFA454C00A0E88D /* Supporting Files */ = {
			isa = PBXGroup;
			children = (
				21CF952D1DFAF23E001FEC6D /* Assets.xcassets */,
				218F68651DFA566400A0E88D /* Plist */,
				218F68451DFA454D00A0E88D /* AppDelegate.h */,
				218F68461DFA454D00A0E88D /* AppDelegate.m */,
				218F68531DFA454D00A0E88D /* Info.plist */,
				218F68431DFA454D00A0E88D /* main.m */,
				218F68641DFA485A00A0E88D /* PrefixHeader.pch */,
			);
			name = "Supporting Files";
			sourceTree = "<group>";
		};
		218F68651DFA566400A0E88D /* Plist */ = {
			isa = PBXGroup;
			children = (
				218F68661DFA566400A0E88D /* categories.plist */,
				218F68671DFA566400A0E88D /* cities.plist */,
				218F68681DFA566400A0E88D /* cityGroups.plist */,
				218F68691DFA566400A0E88D /* sorts.plist */,
			);
			path = Plist;
			sourceTree = "<group>";
		};
		218F686E1DFA76DB00A0E88D /* Classes */ = {
			isa = PBXGroup;
			children = (
				21750CA81DFEE44B00B0391D /* DIstrict */,
				21472E741DFC383900DB8F76 /* Category */,
				218F686F1DFA76DB00A0E88D /* Home */,
				218F68731DFA76DB00A0E88D /* Main */,
			);
			path = Classes;
			sourceTree = "<group>";
		};
		218F686F1DFA76DB00A0E88D /* Home */ = {
			isa = PBXGroup;
			children = (
				218F68861DFAE3AA00A0E88D /* Model */,
				218F68871DFAE3AA00A0E88D /* View */,
				218F68701DFA76DB00A0E88D /* Controller */,
			);
			path = Home;
			sourceTree = "<group>";
		};
		218F68701DFA76DB00A0E88D /* Controller */ = {
			isa = PBXGroup;
			children = (
				218F68711DFA76DB00A0E88D /* WYWHomeCVC.h */,
				218F68721DFA76DB00A0E88D /* WYWHomeCVC.m */,
			);
			path = Controller;
			sourceTree = "<group>";
		};
		218F68731DFA76DB00A0E88D /* Main */ = {
			isa = PBXGroup;
			children = (
				218F68741DFA76DB00A0E88D /* BaseController */,
				218F68751DFA76DB00A0E88D /* Category */,
				218F68761DFA76DB00A0E88D /* Common */,
				218F68771DFA76DB00A0E88D /* Lib */,
				218F68781DFA76DB00A0E88D /* Tool */,
			);
			path = Main;
			sourceTree = "<group>";
		};
		218F68741DFA76DB00A0E88D /* BaseController */ = {
			isa = PBXGroup;
			children = (
				218F687A1DFA776300A0E88D /* WYWNavC.h */,
				218F687B1DFA776300A0E88D /* WYWNavC.m */,
			);
			path = BaseController;
			sourceTree = "<group>";
		};
		218F68751DFA76DB00A0E88D /* Category */ = {
			isa = PBXGroup;
			children = (
				218F687D1DFA7A7900A0E88D /* NSString+HMCategory.h */,
				218F687E1DFA7A7900A0E88D /* NSString+HMCategory.m */,
				218F687F1DFA7A7900A0E88D /* UIBarButtonItem+HMCategory.h */,
				218F68801DFA7A7900A0E88D /* UIBarButtonItem+HMCategory.m */,
				218F68811DFA7A7900A0E88D /* UIView+HMCategory.h */,
				218F68821DFA7A7900A0E88D /* UIView+HMCategory.m */,
			);
			path = Category;
			sourceTree = "<group>";
		};
		218F68761DFA76DB00A0E88D /* Common */ = {
			isa = PBXGroup;
			children = (
			);
			path = Common;
			sourceTree = "<group>";
		};
		218F68771DFA76DB00A0E88D /* Lib */ = {
			isa = PBXGroup;
			children = (
			);
			path = Lib;
			sourceTree = "<group>";
		};
		218F68781DFA76DB00A0E88D /* Tool */ = {
			isa = PBXGroup;
			children = (
			);
			path = Tool;
			sourceTree = "<group>";
		};
		218F68861DFAE3AA00A0E88D /* Model */ = {
			isa = PBXGroup;
			children = (
				21B6600D1DFFF7E400216E58 /* WYWCityModel.h */,
				21B6600E1DFFF7E400216E58 /* WYWCityModel.m */,
			);
			path = Model;
			sourceTree = "<group>";
		};
		218F68871DFAE3AA00A0E88D /* View */ = {
			isa = PBXGroup;
			children = (
				218F688A1DFAE4E500A0E88D /* WYWHomeView.xib */,
				21CF952F1DFAFB15001FEC6D /* WYWHomeNavView.h */,
				21CF95301DFAFB15001FEC6D /* WYWHomeNavView.m */,
			);
			path = View;
			sourceTree = "<group>";
		};
		DA02C324D93093BE36D61BD0 /* Pods */ = {
			isa = PBXGroup;
			children = (
				6C48BF739174F9E3BA93E050 /* Pods-WYWMT.debug.xcconfig */,
				11565A3B5192589CD46841EB /* Pods-WYWMT.release.xcconfig */,
			);
			name = Pods;
			sourceTree = "<group>";
		};
/* End PBXGroup section */

/* Begin PBXNativeTarget section */
		218F683E1DFA454C00A0E88D /* WYWMT */ = {
			isa = PBXNativeTarget;
			buildConfigurationList = 218F68561DFA454D00A0E88D /* Build configuration list for PBXNativeTarget "WYWMT" */;
			buildPhases = (
				5B3AFF256E09BB27ACE3CC46 /* [CP] Check Pods Manifest.lock */,
				218F683B1DFA454C00A0E88D /* Sources */,
				218F683C1DFA454C00A0E88D /* Frameworks */,
				218F683D1DFA454C00A0E88D /* Resources */,
				BD85F01EE7F695A16C48E9F0 /* [CP] Embed Pods Frameworks */,
				8D670CF9168E2672649F4268 /* [CP] Copy Pods Resources */,
			);
			buildRules = (
			);
			dependencies = (
			);
			name = WYWMT;
			productName = WYWMT;
			productReference = 218F683F1DFA454C00A0E88D /* WYWMT.app */;
			productType = "com.apple.product-type.application";
		};
/* End PBXNativeTarget section */

/* Begin PBXProject section */
		218F68371DFA454C00A0E88D /* Project object */ = {
			isa = PBXProject;
			attributes = {
				CLASSPREFIX = WYW;
				LastUpgradeCheck = 0800;
				ORGANIZATIONNAME = ITCoderW;
				TargetAttributes = {
					218F683E1DFA454C00A0E88D = {
						CreatedOnToolsVersion = 8.0;
						ProvisioningStyle = Automatic;
					};
				};
			};
			buildConfigurationList = 218F683A1DFA454C00A0E88D /* Build configuration list for PBXProject "WYWMT" */;
			compatibilityVersion = "Xcode 3.2";
			developmentRegion = English;
			hasScannedForEncodings = 0;
			knownRegions = (
				en,
				Base,
			);
			mainGroup = 218F68361DFA454C00A0E88D;
			productRefGroup = 218F68401DFA454C00A0E88D /* Products */;
			projectDirPath = "";
			projectRoot = "";
			targets = (
				218F683E1DFA454C00A0E88D /* WYWMT */,
			);
		};
/* End PBXProject section */

/* Begin PBXResourcesBuildPhase section */
		218F683D1DFA454C00A0E88D /* Resources */ = {
			isa = PBXResourcesBuildPhase;
			buildActionMask = 2147483647;
			files = (
				218F686B1DFA566400A0E88D /* cities.plist in Resources */,
				218F686A1DFA566400A0E88D /* categories.plist in Resources */,
				218F686D1DFA566400A0E88D /* sorts.plist in Resources */,
				218F688B1DFAE4E500A0E88D /* WYWHomeView.xib in Resources */,
				21750CB01DFEE47D00B0391D /* View.xib in Resources */,
				21CF952E1DFAF23E001FEC6D /* Assets.xcassets in Resources */,
				218F686C1DFA566400A0E88D /* cityGroups.plist in Resources */,
				21472E7F1DFC38F100DB8F76 /* WYWPopoverView.xib in Resources */,
			);
			runOnlyForDeploymentPostprocessing = 0;
		};
/* End PBXResourcesBuildPhase section */

/* Begin PBXShellScriptBuildPhase section */
		5B3AFF256E09BB27ACE3CC46 /* [CP] Check Pods Manifest.lock */ = {
			isa = PBXShellScriptBuildPhase;
			buildActionMask = 2147483647;
			files = (
			);
			inputPaths = (
			);
			name = "[CP] Check Pods Manifest.lock";
			outputPaths = (
			);
			runOnlyForDeploymentPostprocessing = 0;
			shellPath = /bin/sh;
			shellScript = "diff \"${PODS_ROOT}/../Podfile.lock\" \"${PODS_ROOT}/Manifest.lock\" > /dev/null\nif [[ $? != 0 ]] ; then\n    cat << EOM\nerror: The sandbox is not in sync with the Podfile.lock. Run 'pod install' or update your CocoaPods installation.\nEOM\n    exit 1\nfi\n";
			showEnvVarsInLog = 0;
		};
		8D670CF9168E2672649F4268 /* [CP] Copy Pods Resources */ = {
			isa = PBXShellScriptBuildPhase;
			buildActionMask = 2147483647;
			files = (
			);
			inputPaths = (
			);
			name = "[CP] Copy Pods Resources";
			outputPaths = (
			);
			runOnlyForDeploymentPostprocessing = 0;
			shellPath = /bin/sh;
			shellScript = "\"${SRCROOT}/Pods/Target Support Files/Pods-WYWMT/Pods-WYWMT-resources.sh\"\n";
			showEnvVarsInLog = 0;
		};
		BD85F01EE7F695A16C48E9F0 /* [CP] Embed Pods Frameworks */ = {
			isa = PBXShellScriptBuildPhase;
			buildActionMask = 2147483647;
			files = (
			);
			inputPaths = (
			);
			name = "[CP] Embed Pods Frameworks";
			outputPaths = (
			);
			runOnlyForDeploymentPostprocessing = 0;
			shellPath = /bin/sh;
			shellScript = "\"${SRCROOT}/Pods/Target Support Files/Pods-WYWMT/Pods-WYWMT-frameworks.sh\"\n";
			showEnvVarsInLog = 0;
		};
/* End PBXShellScriptBuildPhase section */

/* Begin PBXSourcesBuildPhase section */
		218F683B1DFA454C00A0E88D /* Sources */ = {
			isa = PBXSourcesBuildPhase;
			buildActionMask = 2147483647;
			files = (
				21B6600F1DFFF7E400216E58 /* WYWCityModel.m in Sources */,
				218F68791DFA76DB00A0E88D /* WYWHomeCVC.m in Sources */,
				21B6600C1DFFEFDB00216E58 /* WYWDistrictModel.m in Sources */,
				218F68851DFA7A7900A0E88D /* UIView+HMCategory.m in Sources */,
				218F68831DFA7A7900A0E88D /* NSString+HMCategory.m in Sources */,
				21CF95311DFAFB15001FEC6D /* WYWHomeNavView.m in Sources */,
				21750CAE1DFEE46400B0391D /* WYWDistrictVC.m in Sources */,
				21472E851DFC5B9800DB8F76 /* WYWCategoryModel.m in Sources */,
				218F68471DFA454D00A0E88D /* AppDelegate.m in Sources */,
				21472E7B1DFC38A100DB8F76 /* WYWCategoryVC.m in Sources */,
				21472E821DFC3AF600DB8F76 /* WYWPopoverView.m in Sources */,
				218F68841DFA7A7900A0E88D /* UIBarButtonItem+HMCategory.m in Sources */,
				218F68441DFA454D00A0E88D /* main.m in Sources */,
				218F687C1DFA776300A0E88D /* WYWNavC.m in Sources */,
			);
			runOnlyForDeploymentPostprocessing = 0;
		};
/* End PBXSourcesBuildPhase section */

/* Begin XCBuildConfiguration section */
		218F68541DFA454D00A0E88D /* Debug */ = {
			isa = XCBuildConfiguration;
			buildSettings = {
				ALWAYS_SEARCH_USER_PATHS = NO;
				CLANG_ANALYZER_NONNULL = YES;
				CLANG_CXX_LANGUAGE_STANDARD = "gnu++0x";
				CLANG_CXX_LIBRARY = "libc++";
				CLANG_ENABLE_MODULES = YES;
				CLANG_ENABLE_OBJC_ARC = YES;
				CLANG_WARN_BOOL_CONVERSION = YES;
				CLANG_WARN_CONSTANT_CONVERSION = YES;
				CLANG_WARN_DIRECT_OBJC_ISA_USAGE = YES_ERROR;
				CLANG_WARN_DOCUMENTATION_COMMENTS = YES;
				CLANG_WARN_EMPTY_BODY = YES;
				CLANG_WARN_ENUM_CONVERSION = YES;
				CLANG_WARN_INFINITE_RECURSION = YES;
				CLANG_WARN_INT_CONVERSION = YES;
				CLANG_WARN_OBJC_ROOT_CLASS = YES_ERROR;
				CLANG_WARN_SUSPICIOUS_MOVES = YES;
				CLANG_WARN_UNREACHABLE_CODE = YES;
				CLANG_WARN__DUPLICATE_METHOD_MATCH = YES;
				"CODE_SIGN_IDENTITY[sdk=iphoneos*]" = "iPhone Developer";
				COPY_PHASE_STRIP = NO;
				DEBUG_INFORMATION_FORMAT = dwarf;
				ENABLE_STRICT_OBJC_MSGSEND = YES;
				ENABLE_TESTABILITY = YES;
				GCC_C_LANGUAGE_STANDARD = gnu99;
				GCC_DYNAMIC_NO_PIC = NO;
				GCC_NO_COMMON_BLOCKS = YES;
				GCC_OPTIMIZATION_LEVEL = 0;
				GCC_PREPROCESSOR_DEFINITIONS = (
					"DEBUG=1",
					"$(inherited)",
				);
				GCC_WARN_64_TO_32_BIT_CONVERSION = YES;
				GCC_WARN_ABOUT_RETURN_TYPE = YES_ERROR;
				GCC_WARN_UNDECLARED_SELECTOR = YES;
				GCC_WARN_UNINITIALIZED_AUTOS = YES_AGGRESSIVE;
				GCC_WARN_UNUSED_FUNCTION = YES;
				GCC_WARN_UNUSED_VARIABLE = YES;
				IPHONEOS_DEPLOYMENT_TARGET = 10.0;
				MTL_ENABLE_DEBUG_INFO = YES;
				ONLY_ACTIVE_ARCH = YES;
				SDKROOT = iphoneos;
			};
			name = Debug;
		};
		218F68551DFA454D00A0E88D /* Release */ = {
			isa = XCBuildConfiguration;
			buildSettings = {
				ALWAYS_SEARCH_USER_PATHS = NO;
				CLANG_ANALYZER_NONNULL = YES;
				CLANG_CXX_LANGUAGE_STANDARD = "gnu++0x";
				CLANG_CXX_LIBRARY = "libc++";
				CLANG_ENABLE_MODULES = YES;
				CLANG_ENABLE_OBJC_ARC = YES;
				CLANG_WARN_BOOL_CONVERSION = YES;
				CLANG_WARN_CONSTANT_CONVERSION = YES;
				CLANG_WARN_DIRECT_OBJC_ISA_USAGE = YES_ERROR;
				CLANG_WARN_DOCUMENTATION_COMMENTS = YES;
				CLANG_WARN_EMPTY_BODY = YES;
				CLANG_WARN_ENUM_CONVERSION = YES;
				CLANG_WARN_INFINITE_RECURSION = YES;
				CLANG_WARN_INT_CONVERSION = YES;
				CLANG_WARN_OBJC_ROOT_CLASS = YES_ERROR;
				CLANG_WARN_SUSPICIOUS_MOVES = YES;
				CLANG_WARN_UNREACHABLE_CODE = YES;
				CLANG_WARN__DUPLICATE_METHOD_MATCH = YES;
				"CODE_SIGN_IDENTITY[sdk=iphoneos*]" = "iPhone Developer";
				COPY_PHASE_STRIP = NO;
				DEBUG_INFORMATION_FORMAT = "dwarf-with-dsym";
				ENABLE_NS_ASSERTIONS = NO;
				ENABLE_STRICT_OBJC_MSGSEND = YES;
				GCC_C_LANGUAGE_STANDARD = gnu99;
				GCC_NO_COMMON_BLOCKS = YES;
				GCC_WARN_64_TO_32_BIT_CONVERSION = YES;
				GCC_WARN_ABOUT_RETURN_TYPE = YES_ERROR;
				GCC_WARN_UNDECLARED_SELECTOR = YES;
				GCC_WARN_UNINITIALIZED_AUTOS = YES_AGGRESSIVE;
				GCC_WARN_UNUSED_FUNCTION = YES;
				GCC_WARN_UNUSED_VARIABLE = YES;
				IPHONEOS_DEPLOYMENT_TARGET = 10.0;
				MTL_ENABLE_DEBUG_INFO = NO;
				SDKROOT = iphoneos;
				VALIDATE_PRODUCT = YES;
			};
			name = Release;
		};
		218F68571DFA454D00A0E88D /* Debug */ = {
			isa = XCBuildConfiguration;
			baseConfigurationReference = 6C48BF739174F9E3BA93E050 /* Pods-WYWMT.debug.xcconfig */;
			buildSettings = {
				ASSETCATALOG_COMPILER_APPICON_NAME = AppIcon;
				ASSETCATALOG_COMPILER_LAUNCHIMAGE_NAME = LaunchImage;
				GCC_PREFIX_HEADER = WYWMT/PrefixHeader.pch;
				INFOPLIST_FILE = WYWMT/Info.plist;
				IPHONEOS_DEPLOYMENT_TARGET = 9.0;
				LD_RUNPATH_SEARCH_PATHS = "$(inherited) @executable_path/Frameworks";
				PRODUCT_BUNDLE_IDENTIFIER = cn.ITCoderW.WYWMT;
				PRODUCT_NAME = "$(TARGET_NAME)";
				TARGETED_DEVICE_FAMILY = 2;
			};
			name = Debug;
		};
		218F68581DFA454D00A0E88D /* Release */ = {
			isa = XCBuildConfiguration;
			baseConfigurationReference = 11565A3B5192589CD46841EB /* Pods-WYWMT.release.xcconfig */;
			buildSettings = {
				ASSETCATALOG_COMPILER_APPICON_NAME = AppIcon;
				ASSETCATALOG_COMPILER_LAUNCHIMAGE_NAME = LaunchImage;
				GCC_PREFIX_HEADER = WYWMT/PrefixHeader.pch;
				INFOPLIST_FILE = WYWMT/Info.plist;
				IPHONEOS_DEPLOYMENT_TARGET = 9.0;
				LD_RUNPATH_SEARCH_PATHS = "$(inherited) @executable_path/Frameworks";
				PRODUCT_BUNDLE_IDENTIFIER = cn.ITCoderW.WYWMT;
				PRODUCT_NAME = "$(TARGET_NAME)";
				TARGETED_DEVICE_FAMILY = 2;
			};
			name = Release;
		};
/* End XCBuildConfiguration section */

/* Begin XCConfigurationList section */
		218F683A1DFA454C00A0E88D /* Build configuration list for PBXProject "WYWMT" */ = {
			isa = XCConfigurationList;
			buildConfigurations = (
				218F68541DFA454D00A0E88D /* Debug */,
				218F68551DFA454D00A0E88D /* Release */,
			);
			defaultConfigurationIsVisible = 0;
			defaultConfigurationName = Release;
		};
		218F68561DFA454D00A0E88D /* Build configuration list for PBXNativeTarget "WYWMT" */ = {
			isa = XCConfigurationList;
			buildConfigurations = (
				218F68571DFA454D00A0E88D /* Debug */,
				218F68581DFA454D00A0E88D /* Release */,
			);
			defaultConfigurationIsVisible = 0;
			defaultConfigurationName = Release;
		};
/* End XCConfigurationList section */
	};
	rootObject = 218F68371DFA454C00A0E88D /* Project object */;
}
